
Microsoft Visual Studio Solution File, Format Version 12.00
# Visual Studio Version 17
VisualStudioVersion = 17.13.35825.156 d17.13
MinimumVisualStudioVersion = 10.0.40219.1
Project("{FAE04EC0-301F-11D3-BF4B-00C04F79EFBC}") = "CRUDMahasiswaADO", "CRUDMahasiswaADO\CRUDMahasiswaADO.csproj", "{13663579-7C35-4914-B5BC-7DB9EE35132D}"
EndProject
Global
	GlobalSection(SolutionConfigurationPlatforms) = preSolution
		Debug|Any CPU = Debug|Any CPU
		Release|Any CPU = Release|Any CPU
	EndGlobalSection
	GlobalSection(ProjectConfigurationPlatforms) = postSolution
		{13663579-7C35-4914-B5BC-7DB9EE35132D}.Debug|Any CPU.ActiveCfg = Debug|Any CPU
		{13663579-7C35-4914-B5BC-7DB9EE35132D}.Debug|Any CPU.Build.0 = Debug|Any CPU
		{13663579-7C35-4914-B5BC-7DB9EE35132D}.Release|Any CPU.ActiveCfg = Release|Any CPU
		{13663579-7C35-4914-B5BC-7DB9EE35132D}.Release|Any CPU.Build.0 = Release|Any CPU
	EndGlobalSection
	GlobalSection(SolutionProperties) = preSolution
		HideSolutionNode = FALSE
	EndGlobalSection
	GlobalSection(ExtensibilityGlobals) = postSolution
		SolutionGuid = {CC1F825C-2FB3-4FFF-8922-4F1009FCEA88}
	EndGlobalSection
EndGlobal
